github.com/Goscord/Bot v0.0.0-20221029142620-1cf00f216d38 h1:lrEx4E0rA6Ml3EjnUkdUv8gnbA85SoY/go8z3dpq+YM=
github.com/Goscord/Bot v0.0.0-20221029142620-1cf00f216d38/go.mod h1:9oVE+wakUI9U5RzBiOHKpmK6cWPlhxzM67CC36byXzk=
github.com/Goscord/goscord v0.0.0-20220826113633-6ebc522e133f/go.mod h1:E8w53GnIKy3BPTESZuZOXnFr60ftJjWb36b2fj1xvjQ=
github.com/Goscord/goscord v0.0.0-20220904014649-8e274d13b9ec h1:cBecnLieDnv9UoGBpNFBzPCm3On7MAbibLa+V76yQMo=
github.com/Goscord/goscord v0.0.0-20220904014649-8e274d13b9ec/go.mod h1:E8w53GnIKy3BPTESZuZOXnFr60ftJjWb36b2fj1xvjQ=
github.com/asaskevich/EventBus v0.0.0-20200907212545-49d423059eef h1:2JGTg6JapxP9/R33ZaagQtAM4EkkSYnIAlOG5EI8gkM=
github.com/asaskevich/EventBus v0.0.0-20200907212545-49d423059eef/go.mod h1:JS7hed4L1fj0hXcyEejnW57/7LCetXggd+vwrRnYeII=
github.com/gorilla/websocket v1.5.0 h1:PPwGk2jz7EePpoHN/+ClbZu8SPxiqlu12wZP/3sWmnc=
github.com/gorilla/websocket v1.5.0/go.mod h1:YR8l580nyteQvAITg2hZ9XVh4b55+EU/adAjf1fMHhE=
github.com/jinzhu/inflection v1.0.0 h1:K317FqzuhWc8YvSVlFMCCUb36O/S9MCKRDI7QkRKD/E=
github.com/jinzhu/inflection v1.0.0/go.mod h1:h+uFLlag+Qp1Va5pdKtLDYj+kHp5pxUVkryuEj+Srlc=
github.com/jinzhu/now v1.1.4 h1:tHnRBy1i5F2Dh8BAFxqFzxKqqvezXrL2OW1TnX+Mlas=
github.com/jinzhu/now v1.1.4/go.mod h1:d3SSVoowX0Lcu0IBviAWJpolVfI5UJVZZ7cO71lE/z8=
github.com/joho/godotenv v1.4.0 h1:3l4+N6zfMWnkbPEXKng2o2/MR5mSwTrBih4ZEkkz1lg=
github.com/joho/godotenv v1.4.0/go.mod h1:f4LDr5Voq0i2e/R5DDNOoa2zzDfwtkZa6DnEwAbqwq4=
gorm.io/gorm v1.24.2 h1:9wR6CFD+G8nOusLdvkZelOEhpJVwwHzpQOUM+REd6U0=
gorm.io/gorm v1.24.2/go.mod h1:DVrVomtaYTbqs7gB/x2uVvqnXzv0nqjB396B8cG4dBA=
